
Microsoft Visual Studio Solution File, Format Version 12.00
# Visual Studio Version 17
VisualStudioVersion = 17.10.34804.81
MinimumVisualStudioVersion = 10.0.40219.1
Project("{FAE04EC0-301F-11D3-BF4B-00C04F79EFBC}") = "Week9ReadingFromFiles", "Week9ReadingFromFiles\Week9ReadingFromFiles.csproj", "{7A609D6A-DE5C-4A61-9D86-E839BE2B054C}"
EndProject
Global
	GlobalSection(SolutionConfigurationPlatforms) = preSolution
		Debug|Any CPU = Debug|Any CPU
		Release|Any CPU = Release|Any CPU
	EndGlobalSection
	GlobalSection(ProjectConfigurationPlatforms) = postSolution
		{7A609D6A-DE5C-4A61-9D86-E839BE2B054C}.Debug|Any CPU.ActiveCfg = Debug|Any CPU
		{7A609D6A-DE5C-4A61-9D86-E839BE2B054C}.Debug|Any CPU.Build.0 = Debug|Any CPU
		{7A609D6A-DE5C-4A61-9D86-E839BE2B054C}.Release|Any CPU.ActiveCfg = Release|Any CPU
		{7A609D6A-DE5C-4A61-9D86-E839BE2B054C}.Release|Any CPU.Build.0 = Release|Any CPU
	EndGlobalSection
	GlobalSection(SolutionProperties) = preSolution
		HideSolutionNode = FALSE
	EndGlobalSection
	GlobalSection(ExtensibilityGlobals) = postSolution
		SolutionGuid = {345B1FF8-3A38-4C97-AFEE-8964C963C7AD}
	EndGlobalSection
EndGlobal
